
Microsoft Visual Studio Solution File, Format Version 12.00
# Visual Studio Version 16
VisualStudioVersion = 16.0.31205.134
MinimumVisualStudioVersion = 10.0.40219.1
Project("{FAE04EC0-301F-11D3-BF4B-00C04F79EFBC}") = "Estadisticas", "Estadisticas\Estadisticas.csproj", "{6ABF11FF-9E5B-4B3D-878C-C015BC6A4D54}"
EndProject
Global
	GlobalSection(SolutionConfigurationPlatforms) = preSolution
		Debug|Any CPU = Debug|Any CPU
		Release|Any CPU = Release|Any CPU
	EndGlobalSection
	GlobalSection(ProjectConfigurationPlatforms) = postSolution
		{6ABF11FF-9E5B-4B3D-878C-C015BC6A4D54}.Debug|Any CPU.ActiveCfg = Debug|Any CPU
		{6ABF11FF-9E5B-4B3D-878C-C015BC6A4D54}.Debug|Any CPU.Build.0 = Debug|Any CPU
		{6ABF11FF-9E5B-4B3D-878C-C015BC6A4D54}.Release|Any CPU.ActiveCfg = Release|Any CPU
		{6ABF11FF-9E5B-4B3D-878C-C015BC6A4D54}.Release|Any CPU.Build.0 = Release|Any CPU
	EndGlobalSection
	GlobalSection(SolutionProperties) = preSolution
		HideSolutionNode = FALSE
	EndGlobalSection
	GlobalSection(ExtensibilityGlobals) = postSolution
		SolutionGuid = {815B443F-0D1D-421C-A180-50256B68F6F2}
	EndGlobalSection
EndGlobal
